// !$*UTF8*$!
{
	archiveVersion = 1;
	classes = {
	};
	objectVersion = 52;
	objects = {

/* Begin PBXBuildFile section */
		290CCC652644CE19006FB46E /* SpotifyiOS.framework in Frameworks */ = {isa = PBXBuildFile; fileRef = 290CCC642644CE19006FB46E /* SpotifyiOS.framework */; };
		BFEF43A1152270D4497364E6 /* Pods_Spotify_Sorter.framework in Frameworks */ = {isa = PBXBuildFile; fileRef = 5CD5708B3F12DE3FDBF1D0BB /* Pods_Spotify_Sorter.framework */; };
		E12F11C9264B446500EE1E74 /* PlayListViewController.swift in Sources */ = {isa = PBXBuildFile; fileRef = E12F11C8264B446500EE1E74 /* PlayListViewController.swift */; };
		E196569C2650E57700E4EB7B /* PlaylistCell.swift in Sources */ = {isa = PBXBuildFile; fileRef = E196569B2650E57700E4EB7B /* PlaylistCell.swift */; };
		E1C823672648D8AF00574EEB /* LoginViewController.swift in Sources */ = {isa = PBXBuildFile; fileRef = E1C823662648D8AF00574EEB /* LoginViewController.swift */; };
		E1C8236A2648DE7600574EEB /* Constants.swift in Sources */ = {isa = PBXBuildFile; fileRef = E1C823692648DE7600574EEB /* Constants.swift */; };
		E1DB01AE264DFBD000AB27DF /* SpotifyAPI in Frameworks */ = {isa = PBXBuildFile; productRef = E1DB01AD264DFBD000AB27DF /* SpotifyAPI */; };
		EA167CE9264228F10018F8BF /* AppDelegate.swift in Sources */ = {isa = PBXBuildFile; fileRef = EA167CE8264228F10018F8BF /* AppDelegate.swift */; };
		EA167CEB264228F10018F8BF /* SceneDelegate.swift in Sources */ = {isa = PBXBuildFile; fileRef = EA167CEA264228F10018F8BF /* SceneDelegate.swift */; };
		EA167CED264228F10018F8BF /* ViewController.swift in Sources */ = {isa = PBXBuildFile; fileRef = EA167CEC264228F10018F8BF /* ViewController.swift */; };
		EA167CF0264228F10018F8BF /* Main.storyboard in Resources */ = {isa = PBXBuildFile; fileRef = EA167CEE264228F10018F8BF /* Main.storyboard */; };
		EA167CF3264228F10018F8BF /* Spotify_Sorter.xcdatamodeld in Sources */ = {isa = PBXBuildFile; fileRef = EA167CF1264228F10018F8BF /* Spotify_Sorter.xcdatamodeld */; };
		EA167CF5264228F30018F8BF /* Assets.xcassets in Resources */ = {isa = PBXBuildFile; fileRef = EA167CF4264228F30018F8BF /* Assets.xcassets */; };
		EA167CF8264228F30018F8BF /* LaunchScreen.storyboard in Resources */ = {isa = PBXBuildFile; fileRef = EA167CF6264228F30018F8BF /* LaunchScreen.storyboard */; };
/* End PBXBuildFile section */

/* Begin PBXFileReference section */
		290CCC642644CE19006FB46E /* SpotifyiOS.framework */ = {isa = PBXFileReference; lastKnownFileType = wrapper.framework; path = SpotifyiOS.framework; sourceTree = "<group>"; };
		5CD5708B3F12DE3FDBF1D0BB /* Pods_Spotify_Sorter.framework */ = {isa = PBXFileReference; explicitFileType = wrapper.framework; includeInIndex = 0; path = Pods_Spotify_Sorter.framework; sourceTree = BUILT_PRODUCTS_DIR; };
		C990862DC2E98A348E06EE67 /* Pods-Spotify Sorter.debug.xcconfig */ = {isa = PBXFileReference; includeInIndex = 1; lastKnownFileType = text.xcconfig; name = "Pods-Spotify Sorter.debug.xcconfig"; path = "Target Support Files/Pods-Spotify Sorter/Pods-Spotify Sorter.debug.xcconfig"; sourceTree = "<group>"; };
		E12F11C8264B446500EE1E74 /* PlayListViewController.swift */ = {isa = PBXFileReference; lastKnownFileType = sourcecode.swift; path = PlayListViewController.swift; sourceTree = "<group>"; };
		E196569B2650E57700E4EB7B /* PlaylistCell.swift */ = {isa = PBXFileReference; lastKnownFileType = sourcecode.swift; path = PlaylistCell.swift; sourceTree = "<group>"; };
		E1C823662648D8AF00574EEB /* LoginViewController.swift */ = {isa = PBXFileReference; lastKnownFileType = sourcecode.swift; path = LoginViewController.swift; sourceTree = "<group>"; };
		E1C823692648DE7600574EEB /* Constants.swift */ = {isa = PBXFileReference; lastKnownFileType = sourcecode.swift; path = Constants.swift; sourceTree = "<group>"; };
		EA167CE5264228F10018F8BF /* Spotify Sorter.app */ = {isa = PBXFileReference; explicitFileType = wrapper.application; includeInIndex = 0; path = "Spotify Sorter.app"; sourceTree = BUILT_PRODUCTS_DIR; };
		EA167CE8264228F10018F8BF /* AppDelegate.swift */ = {isa = PBXFileReference; lastKnownFileType = sourcecode.swift; path = AppDelegate.swift; sourceTree = "<group>"; };
		EA167CEA264228F10018F8BF /* SceneDelegate.swift */ = {isa = PBXFileReference; lastKnownFileType = sourcecode.swift; path = SceneDelegate.swift; sourceTree = "<group>"; };
		EA167CEC264228F10018F8BF /* ViewController.swift */ = {isa = PBXFileReference; lastKnownFileType = sourcecode.swift; path = ViewController.swift; sourceTree = "<group>"; };
		EA167CEF264228F10018F8BF /* Base */ = {isa = PBXFileReference; lastKnownFileType = file.storyboard; name = Base; path = Base.lproj/Main.storyboard; sourceTree = "<group>"; };
		EA167CF2264228F10018F8BF /* Spotify_Sorter.xcdatamodel */ = {isa = PBXFileReference; lastKnownFileType = wrapper.xcdatamodel; path = Spotify_Sorter.xcdatamodel; sourceTree = "<group>"; };
		EA167CF4264228F30018F8BF /* Assets.xcassets */ = {isa = PBXFileReference; lastKnownFileType = folder.assetcatalog; path = Assets.xcassets; sourceTree = "<group>"; };
		EA167CF7264228F30018F8BF /* Base */ = {isa = PBXFileReference; lastKnownFileType = file.storyboard; name = Base; path = Base.lproj/LaunchScreen.storyboard; sourceTree = "<group>"; };
		EA167CF9264228F30018F8BF /* Info.plist */ = {isa = PBXFileReference; lastKnownFileType = text.plist.xml; path = Info.plist; sourceTree = "<group>"; };
		F77CA6F99A2B57D8C1AF1F47 /* Pods-Spotify Sorter.release.xcconfig */ = {isa = PBXFileReference; includeInIndex = 1; lastKnownFileType = text.xcconfig; name = "Pods-Spotify Sorter.release.xcconfig"; path = "Target Support Files/Pods-Spotify Sorter/Pods-Spotify Sorter.release.xcconfig"; sourceTree = "<group>"; };
/* End PBXFileReference section */

/* Begin PBXFrameworksBuildPhase section */
		EA167CE2264228F10018F8BF /* Frameworks */ = {
			isa = PBXFrameworksBuildPhase;
			buildActionMask = 2147483647;
			files = (
				290CCC652644CE19006FB46E /* SpotifyiOS.framework in Frameworks */,
				E1DB01AE264DFBD000AB27DF /* SpotifyAPI in Frameworks */,
				BFEF43A1152270D4497364E6 /* Pods_Spotify_Sorter.framework in Frameworks */,
			);
			runOnlyForDeploymentPostprocessing = 0;
		};
/* End PBXFrameworksBuildPhase section */

/* Begin PBXGroup section */
		BB88007FE0BC6D8505D4FB07 /* Frameworks */ = {
			isa = PBXGroup;
			children = (
				5CD5708B3F12DE3FDBF1D0BB /* Pods_Spotify_Sorter.framework */,
			);
			name = Frameworks;
			sourceTree = "<group>";
		};
		BFAF31D8652D177BA61B60A6 /* Pods */ = {
			isa = PBXGroup;
			children = (
				C990862DC2E98A348E06EE67 /* Pods-Spotify Sorter.debug.xcconfig */,
				F77CA6F99A2B57D8C1AF1F47 /* Pods-Spotify Sorter.release.xcconfig */,
			);
			path = Pods;
			sourceTree = "<group>";
		};
		EA167CDC264228F10018F8BF = {
			isa = PBXGroup;
			children = (
				290CCC642644CE19006FB46E /* SpotifyiOS.framework */,
				EA167CE7264228F10018F8BF /* Spotify Sorter */,
				EA167CE6264228F10018F8BF /* Products */,
				BFAF31D8652D177BA61B60A6 /* Pods */,
				BB88007FE0BC6D8505D4FB07 /* Frameworks */,
			);
			sourceTree = "<group>";
		};
		EA167CE6264228F10018F8BF /* Products */ = {
			isa = PBXGroup;
			children = (
				EA167CE5264228F10018F8BF /* Spotify Sorter.app */,
			);
			name = Products;
			sourceTree = "<group>";
		};
		EA167CE7264228F10018F8BF /* Spotify Sorter */ = {
			isa = PBXGroup;
			children = (
				EA167CE8264228F10018F8BF /* AppDelegate.swift */,
				EA167CEA264228F10018F8BF /* SceneDelegate.swift */,
				EA167CEC264228F10018F8BF /* ViewController.swift */,
				E1C823692648DE7600574EEB /* Constants.swift */,
				EA167CEE264228F10018F8BF /* Main.storyboard */,
				E12F11C8264B446500EE1E74 /* PlayListViewController.swift */,
				E1C823662648D8AF00574EEB /* LoginViewController.swift */,
				EA167CF4264228F30018F8BF /* Assets.xcassets */,
				EA167CF6264228F30018F8BF /* LaunchScreen.storyboard */,
				EA167CF9264228F30018F8BF /* Info.plist */,
				EA167CF1264228F10018F8BF /* Spotify_Sorter.xcdatamodeld */,
				E196569B2650E57700E4EB7B /* PlaylistCell.swift */,
			);
			path = "Spotify Sorter";
			sourceTree = "<group>";
		};
/* End PBXGroup section */

/* Begin PBXNativeTarget section */
		EA167CE4264228F10018F8BF /* Spotify Sorter */ = {
			isa = PBXNativeTarget;
			buildConfigurationList = EA167CFC264228F30018F8BF /* Build configuration list for PBXNativeTarget "Spotify Sorter" */;
			buildPhases = (
				6421C8197F210EE89960CA2B /* [CP] Check Pods Manifest.lock */,
				EA167CE1264228F10018F8BF /* Sources */,
				EA167CE2264228F10018F8BF /* Frameworks */,
				EA167CE3264228F10018F8BF /* Resources */,
				5CFEAF7A0806B91155A3A2EA /* [CP] Embed Pods Frameworks */,
			);
			buildRules = (
			);
			dependencies = (
			);
			name = "Spotify Sorter";
			packageProductDependencies = (
				E1DB01AD264DFBD000AB27DF /* SpotifyAPI */,
			);
			productName = "Spotify Sorter";
			productReference = EA167CE5264228F10018F8BF /* Spotify Sorter.app */;
			productType = "com.apple.product-type.application";
		};
/* End PBXNativeTarget section */

/* Begin PBXProject section */
		EA167CDD264228F10018F8BF /* Project object */ = {
			isa = PBXProject;
			attributes = {
				LastSwiftUpdateCheck = 1250;
				LastUpgradeCheck = 1250;
				TargetAttributes = {
					EA167CE4264228F10018F8BF = {
						CreatedOnToolsVersion = 12.5;
					};
				};
			};
			buildConfigurationList = EA167CE0264228F10018F8BF /* Build configuration list for PBXProject "Spotify Sorter" */;
			compatibilityVersion = "Xcode 9.3";
			developmentRegion = en;
			hasScannedForEncodings = 0;
			knownRegions = (
				en,
				Base,
			);
			mainGroup = EA167CDC264228F10018F8BF;
			packageReferences = (
				E1DB01AC264DFBD000AB27DF /* XCRemoteSwiftPackageReference "SpotifyAPI" */,
			);
			productRefGroup = EA167CE6264228F10018F8BF /* Products */;
			projectDirPath = "";
			projectRoot = "";
			targets = (
				EA167CE4264228F10018F8BF /* Spotify Sorter */,
			);
		};
/* End PBXProject section */

/* Begin PBXResourcesBuildPhase section */
		EA167CE3264228F10018F8BF /* Resources */ = {
			isa = PBXResourcesBuildPhase;
			buildActionMask = 2147483647;
			files = (
				EA167CF8264228F30018F8BF /* LaunchScreen.storyboard in Resources */,
				EA167CF5264228F30018F8BF /* Assets.xcassets in Resources */,
				EA167CF0264228F10018F8BF /* Main.storyboard in Resources */,
			);
			runOnlyForDeploymentPostprocessing = 0;
		};
/* End PBXResourcesBuildPhase section */

/* Begin PBXShellScriptBuildPhase section */
		5CFEAF7A0806B91155A3A2EA /* [CP] Embed Pods Frameworks */ = {
			isa = PBXShellScriptBuildPhase;
			buildActionMask = 2147483647;
			files = (
			);
			inputFileListPaths = (
				"${PODS_ROOT}/Target Support Files/Pods-Spotify Sorter/Pods-Spotify Sorter-frameworks-${CONFIGURATION}-input-files.xcfilelist",
			);
			name = "[CP] Embed Pods Frameworks";
			outputFileListPaths = (
				"${PODS_ROOT}/Target Support Files/Pods-Spotify Sorter/Pods-Spotify Sorter-frameworks-${CONFIGURATION}-output-files.xcfilelist",
			);
			runOnlyForDeploymentPostprocessing = 0;
			shellPath = /bin/sh;
			shellScript = "\"${PODS_ROOT}/Target Support Files/Pods-Spotify Sorter/Pods-Spotify Sorter-frameworks.sh\"\n";
			showEnvVarsInLog = 0;
		};
		6421C8197F210EE89960CA2B /* [CP] Check Pods Manifest.lock */ = {
			isa = PBXShellScriptBuildPhase;
			buildActionMask = 2147483647;
			files = (
			);
			inputFileListPaths = (
			);
			inputPaths = (
				"${PODS_PODFILE_DIR_PATH}/Podfile.lock",
				"${PODS_ROOT}/Manifest.lock",
			);
			name = "[CP] Check Pods Manifest.lock";
			outputFileListPaths = (
			);
			outputPaths = (
				"$(DERIVED_FILE_DIR)/Pods-Spotify Sorter-checkManifestLockResult.txt",
			);
			runOnlyForDeploymentPostprocessing = 0;
			shellPath = /bin/sh;
			shellScript = "diff \"${PODS_PODFILE_DIR_PATH}/Podfile.lock\" \"${PODS_ROOT}/Manifest.lock\" > /dev/null\nif [ $? != 0 ] ; then\n    # print error to STDERR\n    echo \"error: The sandbox is not in sync with the Podfile.lock. Run 'pod install' or update your CocoaPods installation.\" >&2\n    exit 1\nfi\n# This output is used by Xcode 'outputs' to avoid re-running this script phase.\necho \"SUCCESS\" > \"${SCRIPT_OUTPUT_FILE_0}\"\n";
			showEnvVarsInLog = 0;
		};
/* End PBXShellScriptBuildPhase section */

/* Begin PBXSourcesBuildPhase section */
		EA167CE1264228F10018F8BF /* Sources */ = {
			isa = PBXSourcesBuildPhase;
			buildActionMask = 2147483647;
			files = (
				E12F11C9264B446500EE1E74 /* PlayListViewController.swift in Sources */,
				EA167CED264228F10018F8BF /* ViewController.swift in Sources */,
				EA167CE9264228F10018F8BF /* AppDelegate.swift in Sources */,
				E1C823672648D8AF00574EEB /* LoginViewController.swift in Sources */,
				EA167CEB264228F10018F8BF /* SceneDelegate.swift in Sources */,
				EA167CF3264228F10018F8BF /* Spotify_Sorter.xcdatamodeld in Sources */,
				E1C8236A2648DE7600574EEB /* Constants.swift in Sources */,
				E196569C2650E57700E4EB7B /* PlaylistCell.swift in Sources */,
			);
			runOnlyForDeploymentPostprocessing = 0;
		};
/* End PBXSourcesBuildPhase section */

/* Begin PBXVariantGroup section */
		EA167CEE264228F10018F8BF /* Main.storyboard */ = {
			isa = PBXVariantGroup;
			children = (
				EA167CEF264228F10018F8BF /* Base */,
			);
			name = Main.storyboard;
			sourceTree = "<group>";
		};
		EA167CF6264228F30018F8BF /* LaunchScreen.storyboard */ = {
			isa = PBXVariantGroup;
			children = (
				EA167CF7264228F30018F8BF /* Base */,
			);
			name = LaunchScreen.storyboard;
			sourceTree = "<group>";
		};
/* End PBXVariantGroup section */

/* Begin XCBuildConfiguration section */
		EA167CFA264228F30018F8BF /* Debug */ = {
			isa = XCBuildConfiguration;
			buildSettings = {
				ALWAYS_SEARCH_USER_PATHS = NO;
				CLANG_ANALYZER_NONNULL = YES;
				CLANG_ANALYZER_NUMBER_OBJECT_CONVERSION = YES_AGGRESSIVE;
				CLANG_CXX_LANGUAGE_STANDARD = "gnu++14";
				CLANG_CXX_LIBRARY = "libc++";
				CLANG_ENABLE_MODULES = YES;
				CLANG_ENABLE_OBJC_ARC = YES;
				CLANG_ENABLE_OBJC_WEAK = YES;
				CLANG_WARN_BLOCK_CAPTURE_AUTORELEASING = YES;
				CLANG_WARN_BOOL_CONVERSION = YES;
				CLANG_WARN_COMMA = YES;
				CLANG_WARN_CONSTANT_CONVERSION = YES;
				CLANG_WARN_DEPRECATED_OBJC_IMPLEMENTATIONS = YES;
				CLANG_WARN_DIRECT_OBJC_ISA_USAGE = YES_ERROR;
				CLANG_WARN_DOCUMENTATION_COMMENTS = YES;
				CLANG_WARN_EMPTY_BODY = YES;
				CLANG_WARN_ENUM_CONVERSION = YES;
				CLANG_WARN_INFINITE_RECURSION = YES;
				CLANG_WARN_INT_CONVERSION = YES;
				CLANG_WARN_NON_LITERAL_NULL_CONVERSION = YES;
				CLANG_WARN_OBJC_IMPLICIT_RETAIN_SELF = YES;
				CLANG_WARN_OBJC_LITERAL_CONVERSION = YES;
				CLANG_WARN_OBJC_ROOT_CLASS = YES_ERROR;
				CLANG_WARN_QUOTED_INCLUDE_IN_FRAMEWORK_HEADER = YES;
				CLANG_WARN_RANGE_LOOP_ANALYSIS = YES;
				CLANG_WARN_STRICT_PROTOTYPES = YES;
				CLANG_WARN_SUSPICIOUS_MOVE = YES;
				CLANG_WARN_UNGUARDED_AVAILABILITY = YES_AGGRESSIVE;
				CLANG_WARN_UNREACHABLE_CODE = YES;
				CLANG_WARN__DUPLICATE_METHOD_MATCH = YES;
				COPY_PHASE_STRIP = NO;
				DEBUG_INFORMATION_FORMAT = dwarf;
				ENABLE_STRICT_OBJC_MSGSEND = YES;
				ENABLE_TESTABILITY = YES;
				GCC_C_LANGUAGE_STANDARD = gnu11;
				GCC_DYNAMIC_NO_PIC = NO;
				GCC_NO_COMMON_BLOCKS = YES;
				GCC_OPTIMIZATION_LEVEL = 0;
				GCC_PREPROCESSOR_DEFINITIONS = (
					"DEBUG=1",
					"$(inherited)",
				);
				GCC_WARN_64_TO_32_BIT_CONVERSION = YES;
				GCC_WARN_ABOUT_RETURN_TYPE = YES_ERROR;
				GCC_WARN_UNDECLARED_SELECTOR = YES;
				GCC_WARN_UNINITIALIZED_AUTOS = YES_AGGRESSIVE;
				GCC_WARN_UNUSED_FUNCTION = YES;
				GCC_WARN_UNUSED_VARIABLE = YES;
				IPHONEOS_DEPLOYMENT_TARGET = 14.5;
				MTL_ENABLE_DEBUG_INFO = INCLUDE_SOURCE;
				MTL_FAST_MATH = YES;
				ONLY_ACTIVE_ARCH = YES;
				SDKROOT = iphoneos;
				SWIFT_ACTIVE_COMPILATION_CONDITIONS = DEBUG;
				SWIFT_OPTIMIZATION_LEVEL = "-Onone";
			};
			name = Debug;
		};
		EA167CFB264228F30018F8BF /* Release */ = {
			isa = XCBuildConfiguration;
			buildSettings = {
				ALWAYS_SEARCH_USER_PATHS = NO;
				CLANG_ANALYZER_NONNULL = YES;
				CLANG_ANALYZER_NUMBER_OBJECT_CONVERSION = YES_AGGRESSIVE;
				CLANG_CXX_LANGUAGE_STANDARD = "gnu++14";
				CLANG_CXX_LIBRARY = "libc++";
				CLANG_ENABLE_MODULES = YES;
				CLANG_ENABLE_OBJC_ARC = YES;
				CLANG_ENABLE_OBJC_WEAK = YES;
				CLANG_WARN_BLOCK_CAPTURE_AUTORELEASING = YES;
				CLANG_WARN_BOOL_CONVERSION = YES;
				CLANG_WARN_COMMA = YES;
				CLANG_WARN_CONSTANT_CONVERSION = YES;
				CLANG_WARN_DEPRECATED_OBJC_IMPLEMENTATIONS = YES;
				CLANG_WARN_DIRECT_OBJC_ISA_USAGE = YES_ERROR;
				CLANG_WARN_DOCUMENTATION_COMMENTS = YES;
				CLANG_WARN_EMPTY_BODY = YES;
				CLANG_WARN_ENUM_CONVERSION = YES;
				CLANG_WARN_INFINITE_RECURSION = YES;
				CLANG_WARN_INT_CONVERSION = YES;
				CLANG_WARN_NON_LITERAL_NULL_CONVERSION = YES;
				CLANG_WARN_OBJC_IMPLICIT_RETAIN_SELF = YES;
				CLANG_WARN_OBJC_LITERAL_CONVERSION = YES;
				CLANG_WARN_OBJC_ROOT_CLASS = YES_ERROR;
				CLANG_WARN_QUOTED_INCLUDE_IN_FRAMEWORK_HEADER = YES;
				CLANG_WARN_RANGE_LOOP_ANALYSIS = YES;
				CLANG_WARN_STRICT_PROTOTYPES = YES;
				CLANG_WARN_SUSPICIOUS_MOVE = YES;
				CLANG_WARN_UNGUARDED_AVAILABILITY = YES_AGGRESSIVE;
				CLANG_WARN_UNREACHABLE_CODE = YES;
				CLANG_WARN__DUPLICATE_METHOD_MATCH = YES;
				COPY_PHASE_STRIP = NO;
				DEBUG_INFORMATION_FORMAT = "dwarf-with-dsym";
				ENABLE_NS_ASSERTIONS = NO;
				ENABLE_STRICT_OBJC_MSGSEND = YES;
				GCC_C_LANGUAGE_STANDARD = gnu11;
				GCC_NO_COMMON_BLOCKS = YES;
				GCC_WARN_64_TO_32_BIT_CONVERSION = YES;
				GCC_WARN_ABOUT_RETURN_TYPE = YES_ERROR;
				GCC_WARN_UNDECLARED_SELECTOR = YES;
				GCC_WARN_UNINITIALIZED_AUTOS = YES_AGGRESSIVE;
				GCC_WARN_UNUSED_FUNCTION = YES;
				GCC_WARN_UNUSED_VARIABLE = YES;
				IPHONEOS_DEPLOYMENT_TARGET = 14.5;
				MTL_ENABLE_DEBUG_INFO = NO;
				MTL_FAST_MATH = YES;
				SDKROOT = iphoneos;
				SWIFT_COMPILATION_MODE = wholemodule;
				SWIFT_OPTIMIZATION_LEVEL = "-O";
				VALIDATE_PRODUCT = YES;
			};
			name = Release;
		};
		EA167CFD264228F30018F8BF /* Debug */ = {
			isa = XCBuildConfiguration;
			baseConfigurationReference = C990862DC2E98A348E06EE67 /* Pods-Spotify Sorter.debug.xcconfig */;
			buildSettings = {
				ASSETCATALOG_COMPILER_APPICON_NAME = AppIcon;
				ASSETCATALOG_COMPILER_GLOBAL_ACCENT_COLOR_NAME = AccentColor;
				CODE_SIGN_STYLE = Automatic;
				FRAMEWORK_SEARCH_PATHS = (
					"$(inherited)",
					"$(PROJECT_DIR)",
				);
				INFOPLIST_FILE = "Spotify Sorter/Info.plist";
				IPHONEOS_DEPLOYMENT_TARGET = 14.4;
				LD_RUNPATH_SEARCH_PATHS = (
					"$(inherited)",
					"@executable_path/Frameworks",
				);
				PRODUCT_BUNDLE_IDENTIFIER = "com.EnriqueRodriguez.Spotify-Sorter";
				PRODUCT_NAME = "$(TARGET_NAME)";
				SWIFT_VERSION = 5.0;
				TARGETED_DEVICE_FAMILY = "1,2";
			};
			name = Debug;
		};
		EA167CFE264228F30018F8BF /* Release */ = {
			isa = XCBuildConfiguration;
			baseConfigurationReference = F77CA6F99A2B57D8C1AF1F47 /* Pods-Spotify Sorter.release.xcconfig */;
			buildSettings = {
				ASSETCATALOG_COMPILER_APPICON_NAME = AppIcon;
				ASSETCATALOG_COMPILER_GLOBAL_ACCENT_COLOR_NAME = AccentColor;
				CODE_SIGN_STYLE = Automatic;
				FRAMEWORK_SEARCH_PATHS = (
					"$(inherited)",
					"$(PROJECT_DIR)",
				);
				INFOPLIST_FILE = "Spotify Sorter/Info.plist";
				IPHONEOS_DEPLOYMENT_TARGET = 14.4;
				LD_RUNPATH_SEARCH_PATHS = (
					"$(inherited)",
					"@executable_path/Frameworks",
				);
				PRODUCT_BUNDLE_IDENTIFIER = "com.EnriqueRodriguez.Spotify-Sorter";
				PRODUCT_NAME = "$(TARGET_NAME)";
				SWIFT_VERSION = 5.0;
				TARGETED_DEVICE_FAMILY = "1,2";
			};
			name = Release;
		};
/* End XCBuildConfiguration section */

/* Begin XCConfigurationList section */
		EA167CE0264228F10018F8BF /* Build configuration list for PBXProject "Spotify Sorter" */ = {
			isa = XCConfigurationList;
			buildConfigurations = (
				EA167CFA264228F30018F8BF /* Debug */,
				EA167CFB264228F30018F8BF /* Release */,
			);
			defaultConfigurationIsVisible = 0;
			defaultConfigurationName = Release;
		};
		EA167CFC264228F30018F8BF /* Build configuration list for PBXNativeTarget "Spotify Sorter" */ = {
			isa = XCConfigurationList;
			buildConfigurations = (
				EA167CFD264228F30018F8BF /* Debug */,
				EA167CFE264228F30018F8BF /* Release */,
			);
			defaultConfigurationIsVisible = 0;
			defaultConfigurationName = Release;
		};
/* End XCConfigurationList section */

/* Begin XCRemoteSwiftPackageReference section */
		E1DB01AC264DFBD000AB27DF /* XCRemoteSwiftPackageReference "SpotifyAPI" */ = {
			isa = XCRemoteSwiftPackageReference;
			repositoryURL = "https://github.com/Peter-Schorn/SpotifyAPI.git";
			requirement = {
				kind = upToNextMajorVersion;
				minimumVersion = 1.6.1;
			};
		};
/* End XCRemoteSwiftPackageReference section */

/* Begin XCSwiftPackageProductDependency section */
		E1DB01AD264DFBD000AB27DF /* SpotifyAPI */ = {
			isa = XCSwiftPackageProductDependency;
			package = E1DB01AC264DFBD000AB27DF /* XCRemoteSwiftPackageReference "SpotifyAPI" */;
			productName = SpotifyAPI;
		};
/* End XCSwiftPackageProductDependency section */

/* Begin XCVersionGroup section */
		EA167CF1264228F10018F8BF /* Spotify_Sorter.xcdatamodeld */ = {
			isa = XCVersionGroup;
			children = (
				EA167CF2264228F10018F8BF /* Spotify_Sorter.xcdatamodel */,
			);
			currentVersion = EA167CF2264228F10018F8BF /* Spotify_Sorter.xcdatamodel */;
			path = Spotify_Sorter.xcdatamodeld;
			sourceTree = "<group>";
			versionGroupType = wrapper.xcdatamodel;
		};
/* End XCVersionGroup section */
	};
	rootObject = EA167CDD264228F10018F8BF /* Project object */;
}
